
Microsoft Visual Studio Solution File, Format Version 12.00
# Visual Studio Version 16
VisualStudioVersion = 16.0.29020.237
MinimumVisualStudioVersion = 10.0.40219.1
Project("{FAE04EC0-301F-11D3-BF4B-00C04F79EFBC}") = "AuctionEmailSenderDemo", "AuctionEmailSenderDemo\AuctionEmailSenderDemo.csproj", "{0669172F-D631-43E2-9739-2C240E8A4306}"
EndProject
Global
	GlobalSection(SolutionConfigurationPlatforms) = preSolution
		Debug|Any CPU = Debug|Any CPU
		Release|Any CPU = Release|Any CPU
	EndGlobalSection
	GlobalSection(ProjectConfigurationPlatforms) = postSolution
		{0669172F-D631-43E2-9739-2C240E8A4306}.Debug|Any CPU.ActiveCfg = Debug|Any CPU
		{0669172F-D631-43E2-9739-2C240E8A4306}.Debug|Any CPU.Build.0 = Debug|Any CPU
		{0669172F-D631-43E2-9739-2C240E8A4306}.Release|Any CPU.ActiveCfg = Release|Any CPU
		{0669172F-D631-43E2-9739-2C240E8A4306}.Release|Any CPU.Build.0 = Release|Any CPU
	EndGlobalSection
	GlobalSection(SolutionProperties) = preSolution
		HideSolutionNode = FALSE
	EndGlobalSection
	GlobalSection(ExtensibilityGlobals) = postSolution
		SolutionGuid = {98613A87-AAD4-4C1B-AF84-39D7AC0230EC}
	EndGlobalSection
EndGlobal
